
Microsoft Visual Studio Solution File, Format Version 12.00
# Visual Studio 15
VisualStudioVersion = 15.0.28010.2016
MinimumVisualStudioVersion = 10.0.40219.1
Project("{9092AA53-FB77-4645-B42D-1CCCA6BD08BD}") = "NodejsSMsendMail", "NodejsSMsendMail\NodejsSMsendMail.njsproj", "{1244F762-B597-4971-9396-06F2F0243117}"
EndProject
Global
	GlobalSection(SolutionConfigurationPlatforms) = preSolution
		Debug|Any CPU = Debug|Any CPU
		Release|Any CPU = Release|Any CPU
	EndGlobalSection
	GlobalSection(ProjectConfigurationPlatforms) = postSolution
		{1244F762-B597-4971-9396-06F2F0243117}.Debug|Any CPU.ActiveCfg = Debug|Any CPU
		{1244F762-B597-4971-9396-06F2F0243117}.Debug|Any CPU.Build.0 = Debug|Any CPU
		{1244F762-B597-4971-9396-06F2F0243117}.Release|Any CPU.ActiveCfg = Release|Any CPU
		{1244F762-B597-4971-9396-06F2F0243117}.Release|Any CPU.Build.0 = Release|Any CPU
	EndGlobalSection
	GlobalSection(SolutionProperties) = preSolution
		HideSolutionNode = FALSE
	EndGlobalSection
	GlobalSection(ExtensibilityGlobals) = postSolution
		SolutionGuid = {8B50F32F-E53A-4E6B-BBBB-6ABA5F74C5F1}
	EndGlobalSection
EndGlobal
